
Microsoft Visual Studio Solution File, Format Version 12.00
# Visual Studio Version 17
VisualStudioVersion = 17.11.35222.181
MinimumVisualStudioVersion = 10.0.40219.1
Project("{FAE04EC0-301F-11D3-BF4B-00C04F79EFBC}") = "MyBoards", "MyBoards1\MyBoards.csproj", "{B1F7A389-43F1-4E2E-9313-6C388141F225}"
EndProject
Global
	GlobalSection(SolutionConfigurationPlatforms) = preSolution
		Debug|Any CPU = Debug|Any CPU
		Release|Any CPU = Release|Any CPU
	EndGlobalSection
	GlobalSection(ProjectConfigurationPlatforms) = postSolution
		{B1F7A389-43F1-4E2E-9313-6C388141F225}.Debug|Any CPU.ActiveCfg = Debug|Any CPU
		{B1F7A389-43F1-4E2E-9313-6C388141F225}.Debug|Any CPU.Build.0 = Debug|Any CPU
		{B1F7A389-43F1-4E2E-9313-6C388141F225}.Release|Any CPU.ActiveCfg = Release|Any CPU
		{B1F7A389-43F1-4E2E-9313-6C388141F225}.Release|Any CPU.Build.0 = Release|Any CPU
	EndGlobalSection
	GlobalSection(SolutionProperties) = preSolution
		HideSolutionNode = FALSE
	EndGlobalSection
	GlobalSection(ExtensibilityGlobals) = postSolution
		SolutionGuid = {9EEFC142-A1B6-4287-980E-3CE03FC47A51}
	EndGlobalSection
EndGlobal
